// !$*UTF8*$!
{
	archiveVersion = 1;
	classes = {
	};
	objectVersion = 77;
	objects = {

/* Begin PBXBuildFile section */
		4912ABBD2C9148C100AD0AD0 /* demoApp.swift in Sources */ = {isa = PBXBuildFile; fileRef = 4912ABBC2C9148C100AD0AD0 /* demoApp.swift */; };
		4912ABBF2C9148C100AD0AD0 /* ContentView.swift in Sources */ = {isa = PBXBuildFile; fileRef = 4912ABBE2C9148C100AD0AD0 /* ContentView.swift */; };
		4912ABC12C9148C200AD0AD0 /* Assets.xcassets in Resources */ = {isa = PBXBuildFile; fileRef = 4912ABC02C9148C200AD0AD0 /* Assets.xcassets */; };
		4912ABC42C9148C200AD0AD0 /* Preview Assets.xcassets in Resources */ = {isa = PBXBuildFile; fileRef = 4912ABC32C9148C200AD0AD0 /* Preview Assets.xcassets */; };
		4912ABCE2C9148C200AD0AD0 /* demoTests.swift in Sources */ = {isa = PBXBuildFile; fileRef = 4912ABCD2C9148C200AD0AD0 /* demoTests.swift */; };
		4912ABD82C9148C300AD0AD0 /* demoUITests.swift in Sources */ = {isa = PBXBuildFile; fileRef = 4912ABD72C9148C300AD0AD0 /* demoUITests.swift */; };
		4912ABDA2C9148C300AD0AD0 /* demoUITestsLaunchTests.swift in Sources */ = {isa = PBXBuildFile; fileRef = 4912ABD92C9148C300AD0AD0 /* demoUITestsLaunchTests.swift */; };
		49AEF5692CA3AEAA009AAF21 /* CEFFontsCJK-Regular.ttf in Resources */ = {isa = PBXBuildFile; fileRef = 49AEF5682CA3AEAA009AAF21 /* CEFFontsCJK-Regular.ttf */; };
/* End PBXBuildFile section */

/* Begin PBXContainerItemProxy section */
		4912ABCA2C9148C200AD0AD0 /* PBXContainerItemProxy */ = {
			isa = PBXContainerItemProxy;
			containerPortal = 4912ABB12C9148C100AD0AD0 /* Project object */;
			proxyType = 1;
			remoteGlobalIDString = 4912ABB82C9148C100AD0AD0;
			remoteInfo = demo;
		};
		4912ABD42C9148C200AD0AD0 /* PBXContainerItemProxy */ = {
			isa = PBXContainerItemProxy;
			containerPortal = 4912ABB12C9148C100AD0AD0 /* Project object */;
			proxyType = 1;
			remoteGlobalIDString = 4912ABB82C9148C100AD0AD0;
			remoteInfo = demo;
		};
/* End PBXContainerItemProxy section */

/* Begin PBXFileReference section */
		4912ABB92C9148C100AD0AD0 /* demo.app */ = {isa = PBXFileReference; explicitFileType = wrapper.application; includeInIndex = 0; path = demo.app; sourceTree = BUILT_PRODUCTS_DIR; };
		4912ABBC2C9148C100AD0AD0 /* demoApp.swift */ = {isa = PBXFileReference; lastKnownFileType = sourcecode.swift; path = demoApp.swift; sourceTree = "<group>"; };
		4912ABBE2C9148C100AD0AD0 /* ContentView.swift */ = {isa = PBXFileReference; lastKnownFileType = sourcecode.swift; path = ContentView.swift; sourceTree = "<group>"; };
		4912ABC02C9148C200AD0AD0 /* Assets.xcassets */ = {isa = PBXFileReference; lastKnownFileType = folder.assetcatalog; path = Assets.xcassets; sourceTree = "<group>"; };
		4912ABC32C9148C200AD0AD0 /* Preview Assets.xcassets */ = {isa = PBXFileReference; lastKnownFileType = folder.assetcatalog; path = "Preview Assets.xcassets"; sourceTree = "<group>"; };
		4912ABC92C9148C200AD0AD0 /* demoTests.xctest */ = {isa = PBXFileReference; explicitFileType = wrapper.cfbundle; includeInIndex = 0; path = demoTests.xctest; sourceTree = BUILT_PRODUCTS_DIR; };
		4912ABCD2C9148C200AD0AD0 /* demoTests.swift */ = {isa = PBXFileReference; lastKnownFileType = sourcecode.swift; path = demoTests.swift; sourceTree = "<group>"; };
		4912ABD32C9148C200AD0AD0 /* demoUITests.xctest */ = {isa = PBXFileReference; explicitFileType = wrapper.cfbundle; includeInIndex = 0; path = demoUITests.xctest; sourceTree = BUILT_PRODUCTS_DIR; };
		4912ABD72C9148C300AD0AD0 /* demoUITests.swift */ = {isa = PBXFileReference; lastKnownFileType = sourcecode.swift; path = demoUITests.swift; sourceTree = "<group>"; };
		4912ABD92C9148C300AD0AD0 /* demoUITestsLaunchTests.swift */ = {isa = PBXFileReference; lastKnownFileType = sourcecode.swift; path = demoUITestsLaunchTests.swift; sourceTree = "<group>"; };
		49AEF5682CA3AEAA009AAF21 /* CEFFontsCJK-Regular.ttf */ = {isa = PBXFileReference; lastKnownFileType = file; path = "CEFFontsCJK-Regular.ttf"; sourceTree = "<group>"; };
		49AEF56A2CA3AEC0009AAF21 /* Info.plist */ = {isa = PBXFileReference; lastKnownFileType = text.plist; path = Info.plist; sourceTree = "<group>"; };
/* End PBXFileReference section */

/* Begin PBXFrameworksBuildPhase section */
		4912ABB62C9148C100AD0AD0 /* Frameworks */ = {
			isa = PBXFrameworksBuildPhase;
			buildActionMask = 2147483647;
			files = (
			);
			runOnlyForDeploymentPostprocessing = 0;
		};
		4912ABC62C9148C200AD0AD0 /* Frameworks */ = {
			isa = PBXFrameworksBuildPhase;
			buildActionMask = 2147483647;
			files = (
			);
			runOnlyForDeploymentPostprocessing = 0;
		};
		4912ABD02C9148C200AD0AD0 /* Frameworks */ = {
			isa = PBXFrameworksBuildPhase;
			buildActionMask = 2147483647;
			files = (
			);
			runOnlyForDeploymentPostprocessing = 0;
		};
/* End PBXFrameworksBuildPhase section */

/* Begin PBXGroup section */
		4912ABB02C9148C100AD0AD0 = {
			isa = PBXGroup;
			children = (
				4912ABBB2C9148C100AD0AD0 /* demo */,
				4912ABCC2C9148C200AD0AD0 /* demoTests */,
				4912ABD62C9148C200AD0AD0 /* demoUITests */,
				4912ABBA2C9148C100AD0AD0 /* Products */,
			);
			sourceTree = "<group>";
		};
		4912ABBA2C9148C100AD0AD0 /* Products */ = {
			isa = PBXGroup;
			children = (
				4912ABB92C9148C100AD0AD0 /* demo.app */,
				4912ABC92C9148C200AD0AD0 /* demoTests.xctest */,
				4912ABD32C9148C200AD0AD0 /* demoUITests.xctest */,
			);
			name = Products;
			sourceTree = "<group>";
		};
		4912ABBB2C9148C100AD0AD0 /* demo */ = {
			isa = PBXGroup;
			children = (
				49AEF56A2CA3AEC0009AAF21 /* Info.plist */,
				49AEF5682CA3AEAA009AAF21 /* CEFFontsCJK-Regular.ttf */,
				4912ABBC2C9148C100AD0AD0 /* demoApp.swift */,
				4912ABBE2C9148C100AD0AD0 /* ContentView.swift */,
				4912ABC02C9148C200AD0AD0 /* Assets.xcassets */,
				4912ABC22C9148C200AD0AD0 /* Preview Content */,
			);
			path = demo;
			sourceTree = "<group>";
		};
		4912ABC22C9148C200AD0AD0 /* Preview Content */ = {
			isa = PBXGroup;
			children = (
				4912ABC32C9148C200AD0AD0 /* Preview Assets.xcassets */,
			);
			path = "Preview Content";
			sourceTree = "<group>";
		};
		4912ABCC2C9148C200AD0AD0 /* demoTests */ = {
			isa = PBXGroup;
			children = (
				4912ABCD2C9148C200AD0AD0 /* demoTests.swift */,
			);
			path = demoTests;
			sourceTree = "<group>";
		};
		4912ABD62C9148C200AD0AD0 /* demoUITests */ = {
			isa = PBXGroup;
			children = (
				4912ABD72C9148C300AD0AD0 /* demoUITests.swift */,
				4912ABD92C9148C300AD0AD0 /* demoUITestsLaunchTests.swift */,
			);
			path = demoUITests;
			sourceTree = "<group>";
		};
/* End PBXGroup section */

/* Begin PBXNativeTarget section */
		4912ABB82C9148C100AD0AD0 /* demo */ = {
			isa = PBXNativeTarget;
			buildConfigurationList = 4912ABDD2C9148C300AD0AD0 /* Build configuration list for PBXNativeTarget "demo" */;
			buildPhases = (
				4912ABB52C9148C100AD0AD0 /* Sources */,
				4912ABB62C9148C100AD0AD0 /* Frameworks */,
				4912ABB72C9148C100AD0AD0 /* Resources */,
			);
			buildRules = (
			);
			dependencies = (
			);
			name = demo;
			productName = demo;
			productReference = 4912ABB92C9148C100AD0AD0 /* demo.app */;
			productType = "com.apple.product-type.application";
		};
		4912ABC82C9148C200AD0AD0 /* demoTests */ = {
			isa = PBXNativeTarget;
			buildConfigurationList = 4912ABE02C9148C300AD0AD0 /* Build configuration list for PBXNativeTarget "demoTests" */;
			buildPhases = (
				4912ABC52C9148C200AD0AD0 /* Sources */,
				4912ABC62C9148C200AD0AD0 /* Frameworks */,
				4912ABC72C9148C200AD0AD0 /* Resources */,
			);
			buildRules = (
			);
			dependencies = (
				4912ABCB2C9148C200AD0AD0 /* PBXTargetDependency */,
			);
			name = demoTests;
			productName = demoTests;
			productReference = 4912ABC92C9148C200AD0AD0 /* demoTests.xctest */;
			productType = "com.apple.product-type.bundle.unit-test";
		};
		4912ABD22C9148C200AD0AD0 /* demoUITests */ = {
			isa = PBXNativeTarget;
			buildConfigurationList = 4912ABE32C9148C300AD0AD0 /* Build configuration list for PBXNativeTarget "demoUITests" */;
			buildPhases = (
				4912ABCF2C9148C200AD0AD0 /* Sources */,
				4912ABD02C9148C200AD0AD0 /* Frameworks */,
				4912ABD12C9148C200AD0AD0 /* Resources */,
			);
			buildRules = (
			);
			dependencies = (
				4912ABD52C9148C200AD0AD0 /* PBXTargetDependency */,
			);
			name = demoUITests;
			productName = demoUITests;
			productReference = 4912ABD32C9148C200AD0AD0 /* demoUITests.xctest */;
			productType = "com.apple.product-type.bundle.ui-testing";
		};
/* End PBXNativeTarget section */

/* Begin PBXProject section */
		4912ABB12C9148C100AD0AD0 /* Project object */ = {
			isa = PBXProject;
			attributes = {
				BuildIndependentTargetsInParallel = 1;
				LastSwiftUpdateCheck = 1500;
				LastUpgradeCheck = 1500;
				TargetAttributes = {
					4912ABB82C9148C100AD0AD0 = {
						CreatedOnToolsVersion = 15.0;
					};
					4912ABC82C9148C200AD0AD0 = {
						CreatedOnToolsVersion = 15.0;
						TestTargetID = 4912ABB82C9148C100AD0AD0;
					};
					4912ABD22C9148C200AD0AD0 = {
						CreatedOnToolsVersion = 15.0;
						TestTargetID = 4912ABB82C9148C100AD0AD0;
					};
				};
			};
			buildConfigurationList = 4912ABB42C9148C100AD0AD0 /* Build configuration list for PBXProject "demo" */;
			developmentRegion = en;
			hasScannedForEncodings = 0;
			knownRegions = (
				en,
				Base,
			);
			mainGroup = 4912ABB02C9148C100AD0AD0;
			preferredProjectObjectVersion = 77;
			productRefGroup = 4912ABBA2C9148C100AD0AD0 /* Products */;
			projectDirPath = "";
			projectRoot = "";
			targets = (
				4912ABB82C9148C100AD0AD0 /* demo */,
				4912ABC82C9148C200AD0AD0 /* demoTests */,
				4912ABD22C9148C200AD0AD0 /* demoUITests */,
			);
		};
/* End PBXProject section */

/* Begin PBXResourcesBuildPhase section */
		4912ABB72C9148C100AD0AD0 /* Resources */ = {
			isa = PBXResourcesBuildPhase;
			buildActionMask = 2147483647;
			files = (
				49AEF5692CA3AEAA009AAF21 /* CEFFontsCJK-Regular.ttf in Resources */,
				4912ABC42C9148C200AD0AD0 /* Preview Assets.xcassets in Resources */,
				4912ABC12C9148C200AD0AD0 /* Assets.xcassets in Resources */,
			);
			runOnlyForDeploymentPostprocessing = 0;
		};
		4912ABC72C9148C200AD0AD0 /* Resources */ = {
			isa = PBXResourcesBuildPhase;
			buildActionMask = 2147483647;
			files = (
			);
			runOnlyForDeploymentPostprocessing = 0;
		};
		4912ABD12C9148C200AD0AD0 /* Resources */ = {
			isa = PBXResourcesBuildPhase;
			buildActionMask = 2147483647;
			files = (
			);
			runOnlyForDeploymentPostprocessing = 0;
		};
/* End PBXResourcesBuildPhase section */

/* Begin PBXSourcesBuildPhase section */
		4912ABB52C9148C100AD0AD0 /* Sources */ = {
			isa = PBXSourcesBuildPhase;
			buildActionMask = 2147483647;
			files = (
				4912ABBF2C9148C100AD0AD0 /* ContentView.swift in Sources */,
				4912ABBD2C9148C100AD0AD0 /* demoApp.swift in Sources */,
			);
			runOnlyForDeploymentPostprocessing = 0;
		};
		4912ABC52C9148C200AD0AD0 /* Sources */ = {
			isa = PBXSourcesBuildPhase;
			buildActionMask = 2147483647;
			files = (
				4912ABCE2C9148C200AD0AD0 /* demoTests.swift in Sources */,
			);
			runOnlyForDeploymentPostprocessing = 0;
		};
		4912ABCF2C9148C200AD0AD0 /* Sources */ = {
			isa = PBXSourcesBuildPhase;
			buildActionMask = 2147483647;
			files = (
				4912ABD82C9148C300AD0AD0 /* demoUITests.swift in Sources */,
				4912ABDA2C9148C300AD0AD0 /* demoUITestsLaunchTests.swift in Sources */,
			);
			runOnlyForDeploymentPostprocessing = 0;
		};
/* End PBXSourcesBuildPhase section */

/* Begin PBXTargetDependency section */
		4912ABCB2C9148C200AD0AD0 /* PBXTargetDependency */ = {
			isa = PBXTargetDependency;
			target = 4912ABB82C9148C100AD0AD0 /* demo */;
			targetProxy = 4912ABCA2C9148C200AD0AD0 /* PBXContainerItemProxy */;
		};
		4912ABD52C9148C200AD0AD0 /* PBXTargetDependency */ = {
			isa = PBXTargetDependency;
			target = 4912ABB82C9148C100AD0AD0 /* demo */;
			targetProxy = 4912ABD42C9148C200AD0AD0 /* PBXContainerItemProxy */;
		};
/* End PBXTargetDependency section */

/* Begin XCBuildConfiguration section */
		4912ABDB2C9148C300AD0AD0 /* Debug */ = {
			isa = XCBuildConfiguration;
			buildSettings = {
				ALWAYS_SEARCH_USER_PATHS = NO;
				ASSETCATALOG_COMPILER_GENERATE_SWIFT_ASSET_SYMBOL_EXTENSIONS = YES;
				CLANG_ANALYZER_NONNULL = YES;
				CLANG_ANALYZER_NUMBER_OBJECT_CONVERSION = YES_AGGRESSIVE;
				CLANG_CXX_LANGUAGE_STANDARD = "gnu++20";
				CLANG_ENABLE_MODULES = YES;
				CLANG_ENABLE_OBJC_ARC = YES;
				CLANG_ENABLE_OBJC_WEAK = YES;
				CLANG_WARN_BLOCK_CAPTURE_AUTORELEASING = YES;
				CLANG_WARN_BOOL_CONVERSION = YES;
				CLANG_WARN_COMMA = YES;
				CLANG_WARN_CONSTANT_CONVERSION = YES;
				CLANG_WARN_DEPRECATED_OBJC_IMPLEMENTATIONS = YES;
				CLANG_WARN_DIRECT_OBJC_ISA_USAGE = YES_ERROR;
				CLANG_WARN_DOCUMENTATION_COMMENTS = YES;
				CLANG_WARN_EMPTY_BODY = YES;
				CLANG_WARN_ENUM_CONVERSION = YES;
				CLANG_WARN_INFINITE_RECURSION = YES;
				CLANG_WARN_INT_CONVERSION = YES;
				CLANG_WARN_NON_LITERAL_NULL_CONVERSION = YES;
				CLANG_WARN_OBJC_IMPLICIT_RETAIN_SELF = YES;
				CLANG_WARN_OBJC_LITERAL_CONVERSION = YES;
				CLANG_WARN_OBJC_ROOT_CLASS = YES_ERROR;
				CLANG_WARN_QUOTED_INCLUDE_IN_FRAMEWORK_HEADER = YES;
				CLANG_WARN_RANGE_LOOP_ANALYSIS = YES;
				CLANG_WARN_STRICT_PROTOTYPES = YES;
				CLANG_WARN_SUSPICIOUS_MOVE = YES;
				CLANG_WARN_UNGUARDED_AVAILABILITY = YES_AGGRESSIVE;
				CLANG_WARN_UNREACHABLE_CODE = YES;
				CLANG_WARN__DUPLICATE_METHOD_MATCH = YES;
				COPY_PHASE_STRIP = NO;
				DEBUG_INFORMATION_FORMAT = dwarf;
				ENABLE_STRICT_OBJC_MSGSEND = YES;
				ENABLE_TESTABILITY = YES;
				ENABLE_USER_SCRIPT_SANDBOXING = YES;
				GCC_C_LANGUAGE_STANDARD = gnu17;
				GCC_DYNAMIC_NO_PIC = NO;
				GCC_NO_COMMON_BLOCKS = YES;
				GCC_OPTIMIZATION_LEVEL = 0;
				GCC_PREPROCESSOR_DEFINITIONS = (
					"DEBUG=1",
					"$(inherited)",
				);
				GCC_WARN_64_TO_32_BIT_CONVERSION = YES;
				GCC_WARN_ABOUT_RETURN_TYPE = YES_ERROR;
				GCC_WARN_UNDECLARED_SELECTOR = YES;
				GCC_WARN_UNINITIALIZED_AUTOS = YES_AGGRESSIVE;
				GCC_WARN_UNUSED_FUNCTION = YES;
				GCC_WARN_UNUSED_VARIABLE = YES;
				IPHONEOS_DEPLOYMENT_TARGET = 17.0;
				LOCALIZATION_PREFERS_STRING_CATALOGS = YES;
				MTL_ENABLE_DEBUG_INFO = INCLUDE_SOURCE;
				MTL_FAST_MATH = YES;
				ONLY_ACTIVE_ARCH = YES;
				SDKROOT = iphoneos;
				SWIFT_ACTIVE_COMPILATION_CONDITIONS = "DEBUG $(inherited)";
				SWIFT_OPTIMIZATION_LEVEL = "-Onone";
			};
			name = Debug;
		};
		4912ABDC2C9148C300AD0AD0 /* Release */ = {
			isa = XCBuildConfiguration;
			buildSettings = {
				ALWAYS_SEARCH_USER_PATHS = NO;
				ASSETCATALOG_COMPILER_GENERATE_SWIFT_ASSET_SYMBOL_EXTENSIONS = YES;
				CLANG_ANALYZER_NONNULL = YES;
				CLANG_ANALYZER_NUMBER_OBJECT_CONVERSION = YES_AGGRESSIVE;
				CLANG_CXX_LANGUAGE_STANDARD = "gnu++20";
				CLANG_ENABLE_MODULES = YES;
				CLANG_ENABLE_OBJC_ARC = YES;
				CLANG_ENABLE_OBJC_WEAK = YES;
				CLANG_WARN_BLOCK_CAPTURE_AUTORELEASING = YES;
				CLANG_WARN_BOOL_CONVERSION = YES;
				CLANG_WARN_COMMA = YES;
				CLANG_WARN_CONSTANT_CONVERSION = YES;
				CLANG_WARN_DEPRECATED_OBJC_IMPLEMENTATIONS = YES;
				CLANG_WARN_DIRECT_OBJC_ISA_USAGE = YES_ERROR;
				CLANG_WARN_DOCUMENTATION_COMMENTS = YES;
				CLANG_WARN_EMPTY_BODY = YES;
				CLANG_WARN_ENUM_CONVERSION = YES;
				CLANG_WARN_INFINITE_RECURSION = YES;
				CLANG_WARN_INT_CONVERSION = YES;
				CLANG_WARN_NON_LITERAL_NULL_CONVERSION = YES;
				CLANG_WARN_OBJC_IMPLICIT_RETAIN_SELF = YES;
				CLANG_WARN_OBJC_LITERAL_CONVERSION = YES;
				CLANG_WARN_OBJC_ROOT_CLASS = YES_ERROR;
				CLANG_WARN_QUOTED_INCLUDE_IN_FRAMEWORK_HEADER = YES;
				CLANG_WARN_RANGE_LOOP_ANALYSIS = YES;
				CLANG_WARN_STRICT_PROTOTYPES = YES;
				CLANG_WARN_SUSPICIOUS_MOVE = YES;
				CLANG_WARN_UNGUARDED_AVAILABILITY = YES_AGGRESSIVE;
				CLANG_WARN_UNREACHABLE_CODE = YES;
				CLANG_WARN__DUPLICATE_METHOD_MATCH = YES;
				COPY_PHASE_STRIP = NO;
				DEBUG_INFORMATION_FORMAT = "dwarf-with-dsym";
				ENABLE_NS_ASSERTIONS = NO;
				ENABLE_STRICT_OBJC_MSGSEND = YES;
				ENABLE_USER_SCRIPT_SANDBOXING = YES;
				GCC_C_LANGUAGE_STANDARD = gnu17;
				GCC_NO_COMMON_BLOCKS = YES;
				GCC_WARN_64_TO_32_BIT_CONVERSION = YES;
				GCC_WARN_ABOUT_RETURN_TYPE = YES_ERROR;
				GCC_WARN_UNDECLARED_SELECTOR = YES;
				GCC_WARN_UNINITIALIZED_AUTOS = YES_AGGRESSIVE;
				GCC_WARN_UNUSED_FUNCTION = YES;
				GCC_WARN_UNUSED_VARIABLE = YES;
				IPHONEOS_DEPLOYMENT_TARGET = 17.0;
				LOCALIZATION_PREFERS_STRING_CATALOGS = YES;
				MTL_ENABLE_DEBUG_INFO = NO;
				MTL_FAST_MATH = YES;
				SDKROOT = iphoneos;
				SWIFT_COMPILATION_MODE = wholemodule;
				VALIDATE_PRODUCT = YES;
			};
			name = Release;
		};
		4912ABDE2C9148C300AD0AD0 /* Debug */ = {
			isa = XCBuildConfiguration;
			buildSettings = {
				ASSETCATALOG_COMPILER_APPICON_NAME = AppIcon;
				ASSETCATALOG_COMPILER_GLOBAL_ACCENT_COLOR_NAME = AccentColor;
				CODE_SIGN_STYLE = Automatic;
				CURRENT_PROJECT_VERSION = 1;
				DEVELOPMENT_ASSET_PATHS = "\"demo/Preview Content\"";
				ENABLE_PREVIEWS = YES;
				GENERATE_INFOPLIST_FILE = YES;
				INFOPLIST_FILE = demo/Info.plist;
				INFOPLIST_KEY_UIApplicationSceneManifest_Generation = YES;
				INFOPLIST_KEY_UIApplicationSupportsIndirectInputEvents = YES;
				INFOPLIST_KEY_UILaunchScreen_Generation = YES;
				INFOPLIST_KEY_UISupportedInterfaceOrientations_iPad = "UIInterfaceOrientationPortrait UIInterfaceOrientationPortraitUpsideDown UIInterfaceOrientationLandscapeLeft UIInterfaceOrientationLandscapeRight";
				INFOPLIST_KEY_UISupportedInterfaceOrientations_iPhone = "UIInterfaceOrientationPortrait UIInterfaceOrientationLandscapeLeft UIInterfaceOrientationLandscapeRight";
				LD_RUNPATH_SEARCH_PATHS = (
					"$(inherited)",
					"@executable_path/Frameworks",
				);
				MARKETING_VERSION = 1.0;
				PRODUCT_BUNDLE_IDENTIFIER = "-23.demo";
				PRODUCT_NAME = "$(TARGET_NAME)";
				SWIFT_EMIT_LOC_STRINGS = YES;
				SWIFT_VERSION = 5.0;
				TARGETED_DEVICE_FAMILY = "1,2";
			};
			name = Debug;
		};
		4912ABDF2C9148C300AD0AD0 /* Release */ = {
			isa = XCBuildConfiguration;
			buildSettings = {
				ASSETCATALOG_COMPILER_APPICON_NAME = AppIcon;
				ASSETCATALOG_COMPILER_GLOBAL_ACCENT_COLOR_NAME = AccentColor;
				CODE_SIGN_STYLE = Automatic;
				CURRENT_PROJECT_VERSION = 1;
				DEVELOPMENT_ASSET_PATHS = "\"demo/Preview Content\"";
				ENABLE_PREVIEWS = YES;
				GENERATE_INFOPLIST_FILE = YES;
				INFOPLIST_FILE = demo/Info.plist;
				INFOPLIST_KEY_UIApplicationSceneManifest_Generation = YES;
				INFOPLIST_KEY_UIApplicationSupportsIndirectInputEvents = YES;
				INFOPLIST_KEY_UILaunchScreen_Generation = YES;
				INFOPLIST_KEY_UISupportedInterfaceOrientations_iPad = "UIInterfaceOrientationPortrait UIInterfaceOrientationPortraitUpsideDown UIInterfaceOrientationLandscapeLeft UIInterfaceOrientationLandscapeRight";
				INFOPLIST_KEY_UISupportedInterfaceOrientations_iPhone = "UIInterfaceOrientationPortrait UIInterfaceOrientationLandscapeLeft UIInterfaceOrientationLandscapeRight";
				LD_RUNPATH_SEARCH_PATHS = (
					"$(inherited)",
					"@executable_path/Frameworks",
				);
				MARKETING_VERSION = 1.0;
				PRODUCT_BUNDLE_IDENTIFIER = "-23.demo";
				PRODUCT_NAME = "$(TARGET_NAME)";
				SWIFT_EMIT_LOC_STRINGS = YES;
				SWIFT_VERSION = 5.0;
				TARGETED_DEVICE_FAMILY = "1,2";
			};
			name = Release;
		};
		4912ABE12C9148C300AD0AD0 /* Debug */ = {
			isa = XCBuildConfiguration;
			buildSettings = {
				ALWAYS_EMBED_SWIFT_STANDARD_LIBRARIES = YES;
				BUNDLE_LOADER = "$(TEST_HOST)";
				CODE_SIGN_STYLE = Automatic;
				CURRENT_PROJECT_VERSION = 1;
				GENERATE_INFOPLIST_FILE = YES;
				IPHONEOS_DEPLOYMENT_TARGET = 17.0;
				MARKETING_VERSION = 1.0;
				PRODUCT_BUNDLE_IDENTIFIER = "-23.demoTests";
				PRODUCT_NAME = "$(TARGET_NAME)";
				SWIFT_EMIT_LOC_STRINGS = NO;
				SWIFT_VERSION = 5.0;
				TARGETED_DEVICE_FAMILY = "1,2";
				TEST_HOST = "$(BUILT_PRODUCTS_DIR)/demo.app/$(BUNDLE_EXECUTABLE_FOLDER_PATH)/demo";
			};
			name = Debug;
		};
		4912ABE22C9148C300AD0AD0 /* Release */ = {
			isa = XCBuildConfiguration;
			buildSettings = {
				ALWAYS_EMBED_SWIFT_STANDARD_LIBRARIES = YES;
				BUNDLE_LOADER = "$(TEST_HOST)";
				CODE_SIGN_STYLE = Automatic;
				CURRENT_PROJECT_VERSION = 1;
				GENERATE_INFOPLIST_FILE = YES;
				IPHONEOS_DEPLOYMENT_TARGET = 17.0;
				MARKETING_VERSION = 1.0;
				PRODUCT_BUNDLE_IDENTIFIER = "-23.demoTests";
				PRODUCT_NAME = "$(TARGET_NAME)";
				SWIFT_EMIT_LOC_STRINGS = NO;
				SWIFT_VERSION = 5.0;
				TARGETED_DEVICE_FAMILY = "1,2";
				TEST_HOST = "$(BUILT_PRODUCTS_DIR)/demo.app/$(BUNDLE_EXECUTABLE_FOLDER_PATH)/demo";
			};
			name = Release;
		};
		4912ABE42C9148C300AD0AD0 /* Debug */ = {
			isa = XCBuildConfiguration;
			buildSettings = {
				ALWAYS_EMBED_SWIFT_STANDARD_LIBRARIES = YES;
				CODE_SIGN_STYLE = Automatic;
				CURRENT_PROJECT_VERSION = 1;
				GENERATE_INFOPLIST_FILE = YES;
				MARKETING_VERSION = 1.0;
				PRODUCT_BUNDLE_IDENTIFIER = "-23.demoUITests";
				PRODUCT_NAME = "$(TARGET_NAME)";
				SWIFT_EMIT_LOC_STRINGS = NO;
				SWIFT_VERSION = 5.0;
				TARGETED_DEVICE_FAMILY = "1,2";
				TEST_TARGET_NAME = demo;
			};
			name = Debug;
		};
		4912ABE52C9148C300AD0AD0 /* Release */ = {
			isa = XCBuildConfiguration;
			buildSettings = {
				ALWAYS_EMBED_SWIFT_STANDARD_LIBRARIES = YES;
				CODE_SIGN_STYLE = Automatic;
				CURRENT_PROJECT_VERSION = 1;
				GENERATE_INFOPLIST_FILE = YES;
				MARKETING_VERSION = 1.0;
				PRODUCT_BUNDLE_IDENTIFIER = "-23.demoUITests";
				PRODUCT_NAME = "$(TARGET_NAME)";
				SWIFT_EMIT_LOC_STRINGS = NO;
				SWIFT_VERSION = 5.0;
				TARGETED_DEVICE_FAMILY = "1,2";
				TEST_TARGET_NAME = demo;
			};
			name = Release;
		};
/* End XCBuildConfiguration section */

/* Begin XCConfigurationList section */
		4912ABB42C9148C100AD0AD0 /* Build configuration list for PBXProject "demo" */ = {
			isa = XCConfigurationList;
			buildConfigurations = (
				4912ABDB2C9148C300AD0AD0 /* Debug */,
				4912ABDC2C9148C300AD0AD0 /* Release */,
			);
			defaultConfigurationIsVisible = 0;
			defaultConfigurationName = Release;
		};
		4912ABDD2C9148C300AD0AD0 /* Build configuration list for PBXNativeTarget "demo" */ = {
			isa = XCConfigurationList;
			buildConfigurations = (
				4912ABDE2C9148C300AD0AD0 /* Debug */,
				4912ABDF2C9148C300AD0AD0 /* Release */,
			);
			defaultConfigurationIsVisible = 0;
			defaultConfigurationName = Release;
		};
		4912ABE02C9148C300AD0AD0 /* Build configuration list for PBXNativeTarget "demoTests" */ = {
			isa = XCConfigurationList;
			buildConfigurations = (
				4912ABE12C9148C300AD0AD0 /* Debug */,
				4912ABE22C9148C300AD0AD0 /* Release */,
			);
			defaultConfigurationIsVisible = 0;
			defaultConfigurationName = Release;
		};
		4912ABE32C9148C300AD0AD0 /* Build configuration list for PBXNativeTarget "demoUITests" */ = {
			isa = XCConfigurationList;
			buildConfigurations = (
				4912ABE42C9148C300AD0AD0 /* Debug */,
				4912ABE52C9148C300AD0AD0 /* Release */,
			);
			defaultConfigurationIsVisible = 0;
			defaultConfigurationName = Release;
		};
/* End XCConfigurationList section */
	};
	rootObject = 4912ABB12C9148C100AD0AD0 /* Project object */;
}
